
Microsoft Visual Studio Solution File, Format Version 12.00
# Visual Studio Version 16
VisualStudioVersion = 16.0.31702.278
MinimumVisualStudioVersion = 10.0.40219.1
Project("{FAE04EC0-301F-11D3-BF4B-00C04F79EFBC}") = "DogPalour", "DogPalour\DogPalour.csproj", "{5E2A4D01-CADB-4F49-8603-D5C0BA4AB7F0}"
EndProject
Project("{FAE04EC0-301F-11D3-BF4B-00C04F79EFBC}") = "DogPalour.Tests", "DogPalour.Tests\DogPalour.Tests.csproj", "{C8DEC1A0-B883-42D6-A423-5E9EFA1C70F0}"
EndProject
Global
	GlobalSection(SolutionConfigurationPlatforms) = preSolution
		Debug|Any CPU = Debug|Any CPU
		Release|Any CPU = Release|Any CPU
	EndGlobalSection
	GlobalSection(ProjectConfigurationPlatforms) = postSolution
		{5E2A4D01-CADB-4F49-8603-D5C0BA4AB7F0}.Debug|Any CPU.ActiveCfg = Debug|Any CPU
		{5E2A4D01-CADB-4F49-8603-D5C0BA4AB7F0}.Debug|Any CPU.Build.0 = Debug|Any CPU
		{5E2A4D01-CADB-4F49-8603-D5C0BA4AB7F0}.Release|Any CPU.ActiveCfg = Release|Any CPU
		{5E2A4D01-CADB-4F49-8603-D5C0BA4AB7F0}.Release|Any CPU.Build.0 = Release|Any CPU
		{C8DEC1A0-B883-42D6-A423-5E9EFA1C70F0}.Debug|Any CPU.ActiveCfg = Debug|Any CPU
		{C8DEC1A0-B883-42D6-A423-5E9EFA1C70F0}.Debug|Any CPU.Build.0 = Debug|Any CPU
		{C8DEC1A0-B883-42D6-A423-5E9EFA1C70F0}.Release|Any CPU.ActiveCfg = Release|Any CPU
		{C8DEC1A0-B883-42D6-A423-5E9EFA1C70F0}.Release|Any CPU.Build.0 = Release|Any CPU
	EndGlobalSection
	GlobalSection(SolutionProperties) = preSolution
		HideSolutionNode = FALSE
	EndGlobalSection
	GlobalSection(ExtensibilityGlobals) = postSolution
		SolutionGuid = {A2B758E6-49F0-4577-ABDA-32C61D5C4B5B}
	EndGlobalSection
EndGlobal
